
Microsoft Visual Studio Solution File, Format Version 12.00
# Visual Studio 15
VisualStudioVersion = 15.0.27130.2010
MinimumVisualStudioVersion = 10.0.40219.1
Project("{FAE04EC0-301F-11D3-BF4B-00C04F79EFBC}") = "ArtifactoryClient", "ArtifactoryClient\ArtifactoryClient.csproj", "{6E88A792-037F-4AD6-86B4-DAEC896D2D16}"
EndProject
Project("{FAE04EC0-301F-11D3-BF4B-00C04F79EFBC}") = "ArtifactoryClient.UnitTests", "ArtifactoryClient.UnitTests\ArtifactoryClient.UnitTests.csproj", "{12D0FBED-B33F-44A7-B6AC-29A5CBFD5A29}"
EndProject
Global
	GlobalSection(SolutionConfigurationPlatforms) = preSolution
		Debug|Any CPU = Debug|Any CPU
		Release|Any CPU = Release|Any CPU
	EndGlobalSection
	GlobalSection(ProjectConfigurationPlatforms) = postSolution
		{6E88A792-037F-4AD6-86B4-DAEC896D2D16}.Debug|Any CPU.ActiveCfg = Debug|Any CPU
		{6E88A792-037F-4AD6-86B4-DAEC896D2D16}.Debug|Any CPU.Build.0 = Debug|Any CPU
		{6E88A792-037F-4AD6-86B4-DAEC896D2D16}.Release|Any CPU.ActiveCfg = Release|Any CPU
		{6E88A792-037F-4AD6-86B4-DAEC896D2D16}.Release|Any CPU.Build.0 = Release|Any CPU
		{12D0FBED-B33F-44A7-B6AC-29A5CBFD5A29}.Debug|Any CPU.ActiveCfg = Debug|Any CPU
		{12D0FBED-B33F-44A7-B6AC-29A5CBFD5A29}.Debug|Any CPU.Build.0 = Debug|Any CPU
		{12D0FBED-B33F-44A7-B6AC-29A5CBFD5A29}.Release|Any CPU.ActiveCfg = Release|Any CPU
		{12D0FBED-B33F-44A7-B6AC-29A5CBFD5A29}.Release|Any CPU.Build.0 = Release|Any CPU
	EndGlobalSection
	GlobalSection(SolutionProperties) = preSolution
		HideSolutionNode = FALSE
	EndGlobalSection
	GlobalSection(ExtensibilityGlobals) = postSolution
		SolutionGuid = {C8585D9F-4C89-49A2-B05C-71DB48572F43}
	EndGlobalSection
EndGlobal
